<?xml version="1.0" encoding="utf-8"?>
<Project ToolsVersion="4.0" xmlns="http://schemas.microsoft.com/developer/msbuild/2003">
  <ItemGroup>
    <Filter Include="Game">
      <UniqueIdentifier>{7c1f7959-e471-4c59-81c6-b973af99af1a}</UniqueIdentifier>
    </Filter>
    <Filter Include="Search">
      <UniqueIdentifier>{0e5adab5-a232-4d6e-afb0-b648b49130c6}</UniqueIdentifier>
    </Filter>
  </ItemGroup>
  <ItemGroup>
    <ClCompile Include="Main.cpp" />
    <ClCompile Include="AlphaBeta.cpp">
      <Filter>Search</Filter>
    </ClCompile>
    <ClCompile Include="GameState.cpp">
      <Filter>Game</Filter>
    </ClCompile>
    <ClCompile Include="PlayerState.cpp">
      <Filter>Game</Filter>
    </ClCompile>
    <ClCompile Include="Production.cpp">
      <Filter>Game</Filter>
    </ClCompile>
    <ClCompile Include="Node.cpp">
      <Filter>Search</Filter>
    </ClCompile>
    <ClCompile Include="CalendarSimulator.cpp">
      <Filter>Game</Filter>
    </ClCompile>
  </ItemGroup>
  <ItemGroup>
    <ClInclude Include="AlphaBeta.h">
      <Filter>Search</Filter>
    </ClInclude>
    <ClInclude Include="GameState.h">
      <Filter>Game</Filter>
    </ClInclude>
    <ClInclude Include="PlayerState.h">
      <Filter>Game</Filter>
    </ClInclude>
    <ClInclude Include="Production.h">
      <Filter>Game</Filter>
    </ClInclude>
    <ClInclude Include="Common.h" />
    <ClInclude Include="Node.h">
      <Filter>Search</Filter>
    </ClInclude>
    <ClInclude Include="ISimulator.h">
      <Filter>Game</Filter>
    </ClInclude>
    <ClInclude Include="Action.h">
      <Filter>Game</Filter>
    </ClInclude>
    <ClInclude Include="CalendarSimulator.h">
      <Filter>Game</Filter>
    </ClInclude>
    <ClInclude Include="Timer.h" />
  </ItemGroup>
</Project>